
Microsoft Visual Studio Solution File, Format Version 12.00
# Visual Studio 2013
VisualStudioVersion = 12.0.21005.1
MinimumVisualStudioVersion = 10.0.40219.1
Project("{8BC9CEB8-8B4A-11D0-8D11-00A0C91BC942}") = "ctf", "ctf\ctf.vcxproj", "{C50707B8-8041-492A-AF31-6E4FE3B8C0FC}"
EndProject
Project("{8BC9CEB8-8B4A-11D0-8D11-00A0C91BC942}") = "game", "game\game.vcxproj", "{60196851-09FC-4D34-968D-647ECE46FB1F}"
EndProject
Project("{8BC9CEB8-8B4A-11D0-8D11-00A0C91BC942}") = "quake2", "quake2.vcxproj", "{58BD7970-CDC2-4748-97B3-3EE9995DA0AA}"
EndProject
Project("{8BC9CEB8-8B4A-11D0-8D11-00A0C91BC942}") = "ref_gl", "ref_gl\ref_gl.vcxproj", "{4731446E-80E3-480C-9C46-E626E2B21924}"
EndProject
Project("{8BC9CEB8-8B4A-11D0-8D11-00A0C91BC942}") = "ref_soft", "ref_soft\ref_soft.vcxproj", "{2B85FE90-419D-47F2-A4A1-830133BE0272}"
EndProject
Global
	GlobalSection(SolutionConfigurationPlatforms) = preSolution
		Debug Alpha|Win32 = Debug Alpha|Win32
		Debug|Win32 = Debug|Win32
		Release Alpha|Win32 = Release Alpha|Win32
		Release|Win32 = Release|Win32
		Template|Win32 = Template|Win32
	EndGlobalSection
	GlobalSection(ProjectConfigurationPlatforms) = postSolution
		{C50707B8-8041-492A-AF31-6E4FE3B8C0FC}.Debug Alpha|Win32.ActiveCfg = Debug Alpha|Win32
		{C50707B8-8041-492A-AF31-6E4FE3B8C0FC}.Debug Alpha|Win32.Build.0 = Debug Alpha|Win32
		{C50707B8-8041-492A-AF31-6E4FE3B8C0FC}.Debug|Win32.ActiveCfg = Debug|Win32
		{C50707B8-8041-492A-AF31-6E4FE3B8C0FC}.Debug|Win32.Build.0 = Debug|Win32
		{C50707B8-8041-492A-AF31-6E4FE3B8C0FC}.Release Alpha|Win32.ActiveCfg = Release Alpha|Win32
		{C50707B8-8041-492A-AF31-6E4FE3B8C0FC}.Release Alpha|Win32.Build.0 = Release Alpha|Win32
		{C50707B8-8041-492A-AF31-6E4FE3B8C0FC}.Release|Win32.ActiveCfg = Release|Win32
		{C50707B8-8041-492A-AF31-6E4FE3B8C0FC}.Release|Win32.Build.0 = Release|Win32
		{C50707B8-8041-492A-AF31-6E4FE3B8C0FC}.Template|Win32.ActiveCfg = Release Alpha|Win32
		{C50707B8-8041-492A-AF31-6E4FE3B8C0FC}.Template|Win32.Build.0 = Release Alpha|Win32
		{60196851-09FC-4D34-968D-647ECE46FB1F}.Debug Alpha|Win32.ActiveCfg = Debug Alpha|Win32
		{60196851-09FC-4D34-968D-647ECE46FB1F}.Debug Alpha|Win32.Build.0 = Debug Alpha|Win32
		{60196851-09FC-4D34-968D-647ECE46FB1F}.Debug|Win32.ActiveCfg = Debug|Win32
		{60196851-09FC-4D34-968D-647ECE46FB1F}.Debug|Win32.Build.0 = Debug|Win32
		{60196851-09FC-4D34-968D-647ECE46FB1F}.Release Alpha|Win32.ActiveCfg = Release Alpha|Win32
		{60196851-09FC-4D34-968D-647ECE46FB1F}.Release Alpha|Win32.Build.0 = Release Alpha|Win32
		{60196851-09FC-4D34-968D-647ECE46FB1F}.Release|Win32.ActiveCfg = Release|Win32
		{60196851-09FC-4D34-968D-647ECE46FB1F}.Release|Win32.Build.0 = Release|Win32
		{60196851-09FC-4D34-968D-647ECE46FB1F}.Template|Win32.ActiveCfg = Template|Win32
		{60196851-09FC-4D34-968D-647ECE46FB1F}.Template|Win32.Build.0 = Template|Win32
		{58BD7970-CDC2-4748-97B3-3EE9995DA0AA}.Debug Alpha|Win32.ActiveCfg = Debug Alpha|Win32
		{58BD7970-CDC2-4748-97B3-3EE9995DA0AA}.Debug Alpha|Win32.Build.0 = Debug Alpha|Win32
		{58BD7970-CDC2-4748-97B3-3EE9995DA0AA}.Debug|Win32.ActiveCfg = Debug|Win32
		{58BD7970-CDC2-4748-97B3-3EE9995DA0AA}.Debug|Win32.Build.0 = Debug|Win32
		{58BD7970-CDC2-4748-97B3-3EE9995DA0AA}.Release Alpha|Win32.ActiveCfg = Release Alpha|Win32
		{58BD7970-CDC2-4748-97B3-3EE9995DA0AA}.Release Alpha|Win32.Build.0 = Release Alpha|Win32
		{58BD7970-CDC2-4748-97B3-3EE9995DA0AA}.Release|Win32.ActiveCfg = Release|Win32
		{58BD7970-CDC2-4748-97B3-3EE9995DA0AA}.Release|Win32.Build.0 = Release|Win32
		{58BD7970-CDC2-4748-97B3-3EE9995DA0AA}.Template|Win32.ActiveCfg = Template|Win32
		{58BD7970-CDC2-4748-97B3-3EE9995DA0AA}.Template|Win32.Build.0 = Template|Win32
		{4731446E-80E3-480C-9C46-E626E2B21924}.Debug Alpha|Win32.ActiveCfg = Debug Alpha|Win32
		{4731446E-80E3-480C-9C46-E626E2B21924}.Debug Alpha|Win32.Build.0 = Debug Alpha|Win32
		{4731446E-80E3-480C-9C46-E626E2B21924}.Debug|Win32.ActiveCfg = Debug|Win32
		{4731446E-80E3-480C-9C46-E626E2B21924}.Debug|Win32.Build.0 = Debug|Win32
		{4731446E-80E3-480C-9C46-E626E2B21924}.Release Alpha|Win32.ActiveCfg = Release Alpha|Win32
		{4731446E-80E3-480C-9C46-E626E2B21924}.Release Alpha|Win32.Build.0 = Release Alpha|Win32
		{4731446E-80E3-480C-9C46-E626E2B21924}.Release|Win32.ActiveCfg = Release|Win32
		{4731446E-80E3-480C-9C46-E626E2B21924}.Release|Win32.Build.0 = Release|Win32
		{4731446E-80E3-480C-9C46-E626E2B21924}.Template|Win32.ActiveCfg = Template|Win32
		{4731446E-80E3-480C-9C46-E626E2B21924}.Template|Win32.Build.0 = Template|Win32
		{2B85FE90-419D-47F2-A4A1-830133BE0272}.Debug Alpha|Win32.ActiveCfg = Debug Alpha|Win32
		{2B85FE90-419D-47F2-A4A1-830133BE0272}.Debug Alpha|Win32.Build.0 = Debug Alpha|Win32
		{2B85FE90-419D-47F2-A4A1-830133BE0272}.Debug|Win32.ActiveCfg = Debug|Win32
		{2B85FE90-419D-47F2-A4A1-830133BE0272}.Debug|Win32.Build.0 = Debug|Win32
		{2B85FE90-419D-47F2-A4A1-830133BE0272}.Release Alpha|Win32.ActiveCfg = Release Alpha|Win32
		{2B85FE90-419D-47F2-A4A1-830133BE0272}.Release Alpha|Win32.Build.0 = Release Alpha|Win32
		{2B85FE90-419D-47F2-A4A1-830133BE0272}.Release|Win32.ActiveCfg = Release|Win32
		{2B85FE90-419D-47F2-A4A1-830133BE0272}.Release|Win32.Build.0 = Release|Win32
		{2B85FE90-419D-47F2-A4A1-830133BE0272}.Template|Win32.ActiveCfg = Template|Win32
		{2B85FE90-419D-47F2-A4A1-830133BE0272}.Template|Win32.Build.0 = Template|Win32
	EndGlobalSection
	GlobalSection(SolutionProperties) = preSolution
		HideSolutionNode = FALSE
	EndGlobalSection
EndGlobal
