
Microsoft Visual Studio Solution File, Format Version 12.00
# Visual Studio 2013
VisualStudioVersion = 12.0.21005.1
MinimumVisualStudioVersion = 10.0.40219.1
Project("{8BC9CEB8-8B4A-11D0-8D11-00A0C91BC942}") = "ctf", "ctf\ctf.vcxproj", "{F151AA70-4528-4B77-A428-A0DCC7BE1C8F}"
EndProject
Project("{8BC9CEB8-8B4A-11D0-8D11-00A0C91BC942}") = "game", "game\game.vcxproj", "{D4917954-3649-4407-B21D-AB8E3C05C94A}"
EndProject
Project("{8BC9CEB8-8B4A-11D0-8D11-00A0C91BC942}") = "quake2", "quake2.vcxproj", "{04C329C7-6404-419F-ADDF-8F98FECB984F}"
EndProject
Project("{8BC9CEB8-8B4A-11D0-8D11-00A0C91BC942}") = "ref_gl", "ref_gl\ref_gl.vcxproj", "{BEF83F4C-B476-4ED4-B0C4-9B74C990C141}"
EndProject
Project("{8BC9CEB8-8B4A-11D0-8D11-00A0C91BC942}") = "ref_soft", "ref_soft\ref_soft.vcxproj", "{9BE4F481-8474-4EFD-9EF8-5C618492A8F4}"
EndProject
Global
	GlobalSection(SolutionConfigurationPlatforms) = preSolution
		Debug Alpha|Win32 = Debug Alpha|Win32
		Debug|Win32 = Debug|Win32
		Release Alpha|Win32 = Release Alpha|Win32
		Release|Win32 = Release|Win32
		Template|Win32 = Template|Win32
	EndGlobalSection
	GlobalSection(ProjectConfigurationPlatforms) = postSolution
		{F151AA70-4528-4B77-A428-A0DCC7BE1C8F}.Debug Alpha|Win32.ActiveCfg = Debug Alpha|Win32
		{F151AA70-4528-4B77-A428-A0DCC7BE1C8F}.Debug Alpha|Win32.Build.0 = Debug Alpha|Win32
		{F151AA70-4528-4B77-A428-A0DCC7BE1C8F}.Debug|Win32.ActiveCfg = Debug|Win32
		{F151AA70-4528-4B77-A428-A0DCC7BE1C8F}.Debug|Win32.Build.0 = Debug|Win32
		{F151AA70-4528-4B77-A428-A0DCC7BE1C8F}.Release Alpha|Win32.ActiveCfg = Release Alpha|Win32
		{F151AA70-4528-4B77-A428-A0DCC7BE1C8F}.Release Alpha|Win32.Build.0 = Release Alpha|Win32
		{F151AA70-4528-4B77-A428-A0DCC7BE1C8F}.Release|Win32.ActiveCfg = Release|Win32
		{F151AA70-4528-4B77-A428-A0DCC7BE1C8F}.Release|Win32.Build.0 = Release|Win32
		{F151AA70-4528-4B77-A428-A0DCC7BE1C8F}.Template|Win32.ActiveCfg = Release Alpha|Win32
		{F151AA70-4528-4B77-A428-A0DCC7BE1C8F}.Template|Win32.Build.0 = Release Alpha|Win32
		{D4917954-3649-4407-B21D-AB8E3C05C94A}.Debug Alpha|Win32.ActiveCfg = Debug Alpha|Win32
		{D4917954-3649-4407-B21D-AB8E3C05C94A}.Debug Alpha|Win32.Build.0 = Debug Alpha|Win32
		{D4917954-3649-4407-B21D-AB8E3C05C94A}.Debug|Win32.ActiveCfg = Debug|Win32
		{D4917954-3649-4407-B21D-AB8E3C05C94A}.Debug|Win32.Build.0 = Debug|Win32
		{D4917954-3649-4407-B21D-AB8E3C05C94A}.Release Alpha|Win32.ActiveCfg = Release Alpha|Win32
		{D4917954-3649-4407-B21D-AB8E3C05C94A}.Release Alpha|Win32.Build.0 = Release Alpha|Win32
		{D4917954-3649-4407-B21D-AB8E3C05C94A}.Release|Win32.ActiveCfg = Release|Win32
		{D4917954-3649-4407-B21D-AB8E3C05C94A}.Release|Win32.Build.0 = Release|Win32
		{D4917954-3649-4407-B21D-AB8E3C05C94A}.Template|Win32.ActiveCfg = Template|Win32
		{D4917954-3649-4407-B21D-AB8E3C05C94A}.Template|Win32.Build.0 = Template|Win32
		{04C329C7-6404-419F-ADDF-8F98FECB984F}.Debug Alpha|Win32.ActiveCfg = Debug Alpha|Win32
		{04C329C7-6404-419F-ADDF-8F98FECB984F}.Debug Alpha|Win32.Build.0 = Debug Alpha|Win32
		{04C329C7-6404-419F-ADDF-8F98FECB984F}.Debug|Win32.ActiveCfg = Debug|Win32
		{04C329C7-6404-419F-ADDF-8F98FECB984F}.Debug|Win32.Build.0 = Debug|Win32
		{04C329C7-6404-419F-ADDF-8F98FECB984F}.Release Alpha|Win32.ActiveCfg = Release Alpha|Win32
		{04C329C7-6404-419F-ADDF-8F98FECB984F}.Release Alpha|Win32.Build.0 = Release Alpha|Win32
		{04C329C7-6404-419F-ADDF-8F98FECB984F}.Release|Win32.ActiveCfg = Release|Win32
		{04C329C7-6404-419F-ADDF-8F98FECB984F}.Release|Win32.Build.0 = Release|Win32
		{04C329C7-6404-419F-ADDF-8F98FECB984F}.Template|Win32.ActiveCfg = Template|Win32
		{04C329C7-6404-419F-ADDF-8F98FECB984F}.Template|Win32.Build.0 = Template|Win32
		{BEF83F4C-B476-4ED4-B0C4-9B74C990C141}.Debug Alpha|Win32.ActiveCfg = Debug Alpha|Win32
		{BEF83F4C-B476-4ED4-B0C4-9B74C990C141}.Debug Alpha|Win32.Build.0 = Debug Alpha|Win32
		{BEF83F4C-B476-4ED4-B0C4-9B74C990C141}.Debug|Win32.ActiveCfg = Debug|Win32
		{BEF83F4C-B476-4ED4-B0C4-9B74C990C141}.Debug|Win32.Build.0 = Debug|Win32
		{BEF83F4C-B476-4ED4-B0C4-9B74C990C141}.Release Alpha|Win32.ActiveCfg = Release Alpha|Win32
		{BEF83F4C-B476-4ED4-B0C4-9B74C990C141}.Release Alpha|Win32.Build.0 = Release Alpha|Win32
		{BEF83F4C-B476-4ED4-B0C4-9B74C990C141}.Release|Win32.ActiveCfg = Release|Win32
		{BEF83F4C-B476-4ED4-B0C4-9B74C990C141}.Release|Win32.Build.0 = Release|Win32
		{BEF83F4C-B476-4ED4-B0C4-9B74C990C141}.Template|Win32.ActiveCfg = Template|Win32
		{BEF83F4C-B476-4ED4-B0C4-9B74C990C141}.Template|Win32.Build.0 = Template|Win32
		{9BE4F481-8474-4EFD-9EF8-5C618492A8F4}.Debug Alpha|Win32.ActiveCfg = Debug Alpha|Win32
		{9BE4F481-8474-4EFD-9EF8-5C618492A8F4}.Debug Alpha|Win32.Build.0 = Debug Alpha|Win32
		{9BE4F481-8474-4EFD-9EF8-5C618492A8F4}.Debug|Win32.ActiveCfg = Debug|Win32
		{9BE4F481-8474-4EFD-9EF8-5C618492A8F4}.Debug|Win32.Build.0 = Debug|Win32
		{9BE4F481-8474-4EFD-9EF8-5C618492A8F4}.Release Alpha|Win32.ActiveCfg = Release Alpha|Win32
		{9BE4F481-8474-4EFD-9EF8-5C618492A8F4}.Release Alpha|Win32.Build.0 = Release Alpha|Win32
		{9BE4F481-8474-4EFD-9EF8-5C618492A8F4}.Release|Win32.ActiveCfg = Release|Win32
		{9BE4F481-8474-4EFD-9EF8-5C618492A8F4}.Release|Win32.Build.0 = Release|Win32
		{9BE4F481-8474-4EFD-9EF8-5C618492A8F4}.Template|Win32.ActiveCfg = Template|Win32
		{9BE4F481-8474-4EFD-9EF8-5C618492A8F4}.Template|Win32.Build.0 = Template|Win32
	EndGlobalSection
	GlobalSection(SolutionProperties) = preSolution
		HideSolutionNode = FALSE
	EndGlobalSection
EndGlobal
